// !$*UTF8*$!
{
	archiveVersion = 1;
	classes = {
	};
	objectVersion = 46;
	objects = {

/* Begin PBXBuildFile section */
		C9A86F391E9D7415002F95C0 /* ResourcePath.mm in Sources */ = {isa = PBXBuildFile; fileRef = C9A86F381E9D7415002F95C0 /* ResourcePath.mm */; };
		C9A86F3C1E9D7415002F95C0 /* main.cpp in Sources */ = {isa = PBXBuildFile; fileRef = C9A86F3B1E9D7415002F95C0 /* main.cpp */; };
		C9A86F3F1E9D7415002F95C0 /* cute_image.jpg in Resources */ = {isa = PBXBuildFile; fileRef = C9A86F3E1E9D7415002F95C0 /* cute_image.jpg */; };
		C9A86F411E9D7415002F95C0 /* nice_music.ogg in Resources */ = {isa = PBXBuildFile; fileRef = C9A86F401E9D7415002F95C0 /* nice_music.ogg */; };
		C9A86F431E9D7415002F95C0 /* sansation.ttf in Resources */ = {isa = PBXBuildFile; fileRef = C9A86F421E9D7415002F95C0 /* sansation.ttf */; };
		C9A86F451E9D7415002F95C0 /* icon.png in Resources */ = {isa = PBXBuildFile; fileRef = C9A86F441E9D7415002F95C0 /* icon.png */; };
		C9A86F641E9D746F002F95C0 /* 3232grid.png in Resources */ = {isa = PBXBuildFile; fileRef = C9A86F4B1E9D746F002F95C0 /* 3232grid.png */; };
		C9A86F651E9D746F002F95C0 /* enemy_ship_1-sheet0.png in Resources */ = {isa = PBXBuildFile; fileRef = C9A86F4C1E9D746F002F95C0 /* enemy_ship_1-sheet0.png */; };
		C9A86F661E9D746F002F95C0 /* enemys_grid-sheet0.png in Resources */ = {isa = PBXBuildFile; fileRef = C9A86F4D1E9D746F002F95C0 /* enemys_grid-sheet0.png */; };
		C9A86F671E9D746F002F95C0 /* grid_3232-sheet0.png in Resources */ = {isa = PBXBuildFile; fileRef = C9A86F4E1E9D746F002F95C0 /* grid_3232-sheet0.png */; };
		C9A86F681E9D746F002F95C0 /* grid_hit-sheet0.png in Resources */ = {isa = PBXBuildFile; fileRef = C9A86F4F1E9D746F002F95C0 /* grid_hit-sheet0.png */; };
		C9A86F691E9D746F002F95C0 /* grid_hit-sheet1.png in Resources */ = {isa = PBXBuildFile; fileRef = C9A86F501E9D746F002F95C0 /* grid_hit-sheet1.png */; };
		C9A86F6A1E9D746F002F95C0 /* grid_used-sheet0.png in Resources */ = {isa = PBXBuildFile; fileRef = C9A86F511E9D746F002F95C0 /* grid_used-sheet0.png */; };
		C9A86F6B1E9D746F002F95C0 /* playerhealth-sheet0.png in Resources */ = {isa = PBXBuildFile; fileRef = C9A86F521E9D746F002F95C0 /* playerhealth-sheet0.png */; };
		C9A86F6C1E9D746F002F95C0 /* playerhealthship-sheet0.png in Resources */ = {isa = PBXBuildFile; fileRef = C9A86F531E9D746F002F95C0 /* playerhealthship-sheet0.png */; };
		C9A86F6D1E9D746F002F95C0 /* players_grid-sheet0.png in Resources */ = {isa = PBXBuildFile; fileRef = C9A86F541E9D746F002F95C0 /* players_grid-sheet0.png */; };
		C9A86F6E1E9D746F002F95C0 /* players_ship_1-sheet0.png in Resources */ = {isa = PBXBuildFile; fileRef = C9A86F551E9D746F002F95C0 /* players_ship_1-sheet0.png */; };
		C9A86F6F1E9D746F002F95C0 /* players_ship_2-sheet0.png in Resources */ = {isa = PBXBuildFile; fileRef = C9A86F561E9D746F002F95C0 /* players_ship_2-sheet0.png */; };
		C9A86F701E9D746F002F95C0 /* players_ship_3-sheet0.png in Resources */ = {isa = PBXBuildFile; fileRef = C9A86F571E9D746F002F95C0 /* players_ship_3-sheet0.png */; };
		C9A86F711E9D746F002F95C0 /* radardots-sheet0.png in Resources */ = {isa = PBXBuildFile; fileRef = C9A86F581E9D746F002F95C0 /* radardots-sheet0.png */; };
		C9A86F721E9D746F002F95C0 /* radardots-sheet1.png in Resources */ = {isa = PBXBuildFile; fileRef = C9A86F591E9D746F002F95C0 /* radardots-sheet1.png */; };
		C9A86F731E9D746F002F95C0 /* radarstem-sheet0.png in Resources */ = {isa = PBXBuildFile; fileRef = C9A86F5A1E9D746F002F95C0 /* radarstem-sheet0.png */; };
		C9A86F741E9D746F002F95C0 /* sprite-sheet0.png in Resources */ = {isa = PBXBuildFile; fileRef = C9A86F5B1E9D746F002F95C0 /* sprite-sheet0.png */; };
		C9A86F751E9D746F002F95C0 /* sprite2-sheet0.png in Resources */ = {isa = PBXBuildFile; fileRef = C9A86F5C1E9D746F002F95C0 /* sprite2-sheet0.png */; };
		C9A86F761E9D746F002F95C0 /* sprite3-sheet0.png in Resources */ = {isa = PBXBuildFile; fileRef = C9A86F5D1E9D746F002F95C0 /* sprite3-sheet0.png */; };
		C9A86F771E9D746F002F95C0 /* sprite4-sheet0.png in Resources */ = {isa = PBXBuildFile; fileRef = C9A86F5E1E9D746F002F95C0 /* sprite4-sheet0.png */; };
		C9A86F781E9D746F002F95C0 /* sprite5-sheet0.png in Resources */ = {isa = PBXBuildFile; fileRef = C9A86F5F1E9D746F002F95C0 /* sprite5-sheet0.png */; };
		C9A86F791E9D746F002F95C0 /* sprite6-sheet0.png in Resources */ = {isa = PBXBuildFile; fileRef = C9A86F601E9D746F002F95C0 /* sprite6-sheet0.png */; };
		C9A86F7A1E9D746F002F95C0 /* sprite7-sheet0.png in Resources */ = {isa = PBXBuildFile; fileRef = C9A86F611E9D746F002F95C0 /* sprite7-sheet0.png */; };
		C9A86F7B1E9D746F002F95C0 /* sprite8-sheet0.png in Resources */ = {isa = PBXBuildFile; fileRef = C9A86F621E9D746F002F95C0 /* sprite8-sheet0.png */; };
		C9A86F7C1E9D746F002F95C0 /* tiledbackground.png in Resources */ = {isa = PBXBuildFile; fileRef = C9A86F631E9D746F002F95C0 /* tiledbackground.png */; };
		C9A86F7E1E9D76A6002F95C0 /* navy.ogg in Resources */ = {isa = PBXBuildFile; fileRef = C9A86F7D1E9D76A6002F95C0 /* navy.ogg */; };
/* End PBXBuildFile section */

/* Begin PBXFileReference section */
		C9A86F331E9D7415002F95C0 /* sfmlbattleship.app */ = {isa = PBXFileReference; explicitFileType = wrapper.application; includeInIndex = 0; path = sfmlbattleship.app; sourceTree = BUILT_PRODUCTS_DIR; };
		C9A86F371E9D7415002F95C0 /* sfmlbattleship-Info.plist */ = {isa = PBXFileReference; lastKnownFileType = text.plist.xml; path = "sfmlbattleship-Info.plist"; sourceTree = "<group>"; };
		C9A86F381E9D7415002F95C0 /* ResourcePath.mm */ = {isa = PBXFileReference; lastKnownFileType = sourcecode.cpp.objcpp; path = ResourcePath.mm; sourceTree = "<group>"; };
		C9A86F3A1E9D7415002F95C0 /* ResourcePath.hpp */ = {isa = PBXFileReference; lastKnownFileType = sourcecode.cpp.h; path = ResourcePath.hpp; sourceTree = "<group>"; };
		C9A86F3B1E9D7415002F95C0 /* main.cpp */ = {isa = PBXFileReference; lastKnownFileType = sourcecode.cpp.cpp; path = main.cpp; sourceTree = "<group>"; };
		C9A86F3E1E9D7415002F95C0 /* cute_image.jpg */ = {isa = PBXFileReference; lastKnownFileType = image.jpeg; path = cute_image.jpg; sourceTree = "<group>"; };
		C9A86F401E9D7415002F95C0 /* nice_music.ogg */ = {isa = PBXFileReference; lastKnownFileType = file; path = nice_music.ogg; sourceTree = "<group>"; };
		C9A86F421E9D7415002F95C0 /* sansation.ttf */ = {isa = PBXFileReference; lastKnownFileType = file; path = sansation.ttf; sourceTree = "<group>"; };
		C9A86F441E9D7415002F95C0 /* icon.png */ = {isa = PBXFileReference; lastKnownFileType = image.png; path = icon.png; sourceTree = "<group>"; };
		C9A86F4B1E9D746F002F95C0 /* 3232grid.png */ = {isa = PBXFileReference; lastKnownFileType = image.png; path = 3232grid.png; sourceTree = "<group>"; };
		C9A86F4C1E9D746F002F95C0 /* enemy_ship_1-sheet0.png */ = {isa = PBXFileReference; lastKnownFileType = image.png; path = "enemy_ship_1-sheet0.png"; sourceTree = "<group>"; };
		C9A86F4D1E9D746F002F95C0 /* enemys_grid-sheet0.png */ = {isa = PBXFileReference; lastKnownFileType = image.png; path = "enemys_grid-sheet0.png"; sourceTree = "<group>"; };
		C9A86F4E1E9D746F002F95C0 /* grid_3232-sheet0.png */ = {isa = PBXFileReference; lastKnownFileType = image.png; path = "grid_3232-sheet0.png"; sourceTree = "<group>"; };
		C9A86F4F1E9D746F002F95C0 /* grid_hit-sheet0.png */ = {isa = PBXFileReference; lastKnownFileType = image.png; path = "grid_hit-sheet0.png"; sourceTree = "<group>"; };
		C9A86F501E9D746F002F95C0 /* grid_hit-sheet1.png */ = {isa = PBXFileReference; lastKnownFileType = image.png; path = "grid_hit-sheet1.png"; sourceTree = "<group>"; };
		C9A86F511E9D746F002F95C0 /* grid_used-sheet0.png */ = {isa = PBXFileReference; lastKnownFileType = image.png; path = "grid_used-sheet0.png"; sourceTree = "<group>"; };
		C9A86F521E9D746F002F95C0 /* playerhealth-sheet0.png */ = {isa = PBXFileReference; lastKnownFileType = image.png; path = "playerhealth-sheet0.png"; sourceTree = "<group>"; };
		C9A86F531E9D746F002F95C0 /* playerhealthship-sheet0.png */ = {isa = PBXFileReference; lastKnownFileType = image.png; path = "playerhealthship-sheet0.png"; sourceTree = "<group>"; };
		C9A86F541E9D746F002F95C0 /* players_grid-sheet0.png */ = {isa = PBXFileReference; lastKnownFileType = image.png; path = "players_grid-sheet0.png"; sourceTree = "<group>"; };
		C9A86F551E9D746F002F95C0 /* players_ship_1-sheet0.png */ = {isa = PBXFileReference; lastKnownFileType = image.png; path = "players_ship_1-sheet0.png"; sourceTree = "<group>"; };
		C9A86F561E9D746F002F95C0 /* players_ship_2-sheet0.png */ = {isa = PBXFileReference; lastKnownFileType = image.png; path = "players_ship_2-sheet0.png"; sourceTree = "<group>"; };
		C9A86F571E9D746F002F95C0 /* players_ship_3-sheet0.png */ = {isa = PBXFileReference; lastKnownFileType = image.png; path = "players_ship_3-sheet0.png"; sourceTree = "<group>"; };
		C9A86F581E9D746F002F95C0 /* radardots-sheet0.png */ = {isa = PBXFileReference; lastKnownFileType = image.png; path = "radardots-sheet0.png"; sourceTree = "<group>"; };
		C9A86F591E9D746F002F95C0 /* radardots-sheet1.png */ = {isa = PBXFileReference; lastKnownFileType = image.png; path = "radardots-sheet1.png"; sourceTree = "<group>"; };
		C9A86F5A1E9D746F002F95C0 /* radarstem-sheet0.png */ = {isa = PBXFileReference; lastKnownFileType = image.png; path = "radarstem-sheet0.png"; sourceTree = "<group>"; };
		C9A86F5B1E9D746F002F95C0 /* sprite-sheet0.png */ = {isa = PBXFileReference; lastKnownFileType = image.png; path = "sprite-sheet0.png"; sourceTree = "<group>"; };
		C9A86F5C1E9D746F002F95C0 /* sprite2-sheet0.png */ = {isa = PBXFileReference; lastKnownFileType = image.png; path = "sprite2-sheet0.png"; sourceTree = "<group>"; };
		C9A86F5D1E9D746F002F95C0 /* sprite3-sheet0.png */ = {isa = PBXFileReference; lastKnownFileType = image.png; path = "sprite3-sheet0.png"; sourceTree = "<group>"; };
		C9A86F5E1E9D746F002F95C0 /* sprite4-sheet0.png */ = {isa = PBXFileReference; lastKnownFileType = image.png; path = "sprite4-sheet0.png"; sourceTree = "<group>"; };
		C9A86F5F1E9D746F002F95C0 /* sprite5-sheet0.png */ = {isa = PBXFileReference; lastKnownFileType = image.png; path = "sprite5-sheet0.png"; sourceTree = "<group>"; };
		C9A86F601E9D746F002F95C0 /* sprite6-sheet0.png */ = {isa = PBXFileReference; lastKnownFileType = image.png; path = "sprite6-sheet0.png"; sourceTree = "<group>"; };
		C9A86F611E9D746F002F95C0 /* sprite7-sheet0.png */ = {isa = PBXFileReference; lastKnownFileType = image.png; path = "sprite7-sheet0.png"; sourceTree = "<group>"; };
		C9A86F621E9D746F002F95C0 /* sprite8-sheet0.png */ = {isa = PBXFileReference; lastKnownFileType = image.png; path = "sprite8-sheet0.png"; sourceTree = "<group>"; };
		C9A86F631E9D746F002F95C0 /* tiledbackground.png */ = {isa = PBXFileReference; lastKnownFileType = image.png; path = tiledbackground.png; sourceTree = "<group>"; };
		C9A86F7D1E9D76A6002F95C0 /* navy.ogg */ = {isa = PBXFileReference; lastKnownFileType = file; path = navy.ogg; sourceTree = "<group>"; };
/* End PBXFileReference section */

/* Begin PBXFrameworksBuildPhase section */
		C9A86F2F1E9D7415002F95C0 /* Frameworks */ = {
			isa = PBXFrameworksBuildPhase;
			buildActionMask = 2147483647;
			files = (
			);
			runOnlyForDeploymentPostprocessing = 0;
		};
/* End PBXFrameworksBuildPhase section */

/* Begin PBXGroup section */
		C9A86F291E9D7415002F95C0 = {
			isa = PBXGroup;
			children = (
				C9A86F351E9D7415002F95C0 /* sfmlbattleship */,
				C9A86F341E9D7415002F95C0 /* Products */,
			);
			sourceTree = "<group>";
		};
		C9A86F341E9D7415002F95C0 /* Products */ = {
			isa = PBXGroup;
			children = (
				C9A86F331E9D7415002F95C0 /* sfmlbattleship.app */,
			);
			name = Products;
			sourceTree = "<group>";
		};
		C9A86F351E9D7415002F95C0 /* sfmlbattleship */ = {
			isa = PBXGroup;
			children = (
				C9A86F381E9D7415002F95C0 /* ResourcePath.mm */,
				C9A86F3A1E9D7415002F95C0 /* ResourcePath.hpp */,
				C9A86F3B1E9D7415002F95C0 /* main.cpp */,
				C9A86F3D1E9D7415002F95C0 /* Resources */,
				C9A86F361E9D7415002F95C0 /* Supporting Files */,
			);
			path = sfmlbattleship;
			sourceTree = "<group>";
		};
		C9A86F361E9D7415002F95C0 /* Supporting Files */ = {
			isa = PBXGroup;
			children = (
				C9A86F371E9D7415002F95C0 /* sfmlbattleship-Info.plist */,
			);
			name = "Supporting Files";
			sourceTree = "<group>";
		};
		C9A86F3D1E9D7415002F95C0 /* Resources */ = {
			isa = PBXGroup;
			children = (
				C9A86F4B1E9D746F002F95C0 /* 3232grid.png */,
				C9A86F4C1E9D746F002F95C0 /* enemy_ship_1-sheet0.png */,
				C9A86F4D1E9D746F002F95C0 /* enemys_grid-sheet0.png */,
				C9A86F4E1E9D746F002F95C0 /* grid_3232-sheet0.png */,
				C9A86F4F1E9D746F002F95C0 /* grid_hit-sheet0.png */,
				C9A86F501E9D746F002F95C0 /* grid_hit-sheet1.png */,
				C9A86F511E9D746F002F95C0 /* grid_used-sheet0.png */,
				C9A86F521E9D746F002F95C0 /* playerhealth-sheet0.png */,
				C9A86F531E9D746F002F95C0 /* playerhealthship-sheet0.png */,
				C9A86F541E9D746F002F95C0 /* players_grid-sheet0.png */,
				C9A86F551E9D746F002F95C0 /* players_ship_1-sheet0.png */,
				C9A86F561E9D746F002F95C0 /* players_ship_2-sheet0.png */,
				C9A86F571E9D746F002F95C0 /* players_ship_3-sheet0.png */,
				C9A86F581E9D746F002F95C0 /* radardots-sheet0.png */,
				C9A86F591E9D746F002F95C0 /* radardots-sheet1.png */,
				C9A86F5A1E9D746F002F95C0 /* radarstem-sheet0.png */,
				C9A86F5B1E9D746F002F95C0 /* sprite-sheet0.png */,
				C9A86F5C1E9D746F002F95C0 /* sprite2-sheet0.png */,
				C9A86F5D1E9D746F002F95C0 /* sprite3-sheet0.png */,
				C9A86F5E1E9D746F002F95C0 /* sprite4-sheet0.png */,
				C9A86F5F1E9D746F002F95C0 /* sprite5-sheet0.png */,
				C9A86F601E9D746F002F95C0 /* sprite6-sheet0.png */,
				C9A86F611E9D746F002F95C0 /* sprite7-sheet0.png */,
				C9A86F621E9D746F002F95C0 /* sprite8-sheet0.png */,
				C9A86F631E9D746F002F95C0 /* tiledbackground.png */,
				C9A86F3E1E9D7415002F95C0 /* cute_image.jpg */,
				C9A86F401E9D7415002F95C0 /* nice_music.ogg */,
				C9A86F7D1E9D76A6002F95C0 /* navy.ogg */,
				C9A86F421E9D7415002F95C0 /* sansation.ttf */,
				C9A86F441E9D7415002F95C0 /* icon.png */,
			);
			name = Resources;
			sourceTree = "<group>";
		};
/* End PBXGroup section */

/* Begin PBXNativeTarget section */
		C9A86F321E9D7415002F95C0 /* sfmlbattleship */ = {
			isa = PBXNativeTarget;
			buildConfigurationList = C9A86F481E9D7415002F95C0 /* Build configuration list for PBXNativeTarget "sfmlbattleship" */;
			buildPhases = (
				C9A86F2E1E9D7415002F95C0 /* Sources */,
				C9A86F2F1E9D7415002F95C0 /* Frameworks */,
				C9A86F301E9D7415002F95C0 /* Resources */,
				C9A86F311E9D7415002F95C0 /* ShellScript */,
			);
			buildRules = (
			);
			dependencies = (
			);
			name = sfmlbattleship;
			productName = sfmlbattleship;
			productReference = C9A86F331E9D7415002F95C0 /* sfmlbattleship.app */;
			productType = "com.apple.product-type.application";
		};
/* End PBXNativeTarget section */

/* Begin PBXProject section */
		C9A86F2A1E9D7415002F95C0 /* Project object */ = {
			isa = PBXProject;
			attributes = {
				LastUpgradeCheck = 0830;
				ORGANIZATIONNAME = "Andrew E. Ortega";
				TargetAttributes = {
					C9A86F321E9D7415002F95C0 = {
						CreatedOnToolsVersion = 8.3;
						DevelopmentTeam = 6662UP9B9D;
						ProvisioningStyle = Automatic;
					};
				};
			};
			buildConfigurationList = C9A86F2D1E9D7415002F95C0 /* Build configuration list for PBXProject "sfmlbattleship" */;
			compatibilityVersion = "Xcode 3.2";
			developmentRegion = English;
			hasScannedForEncodings = 0;
			knownRegions = (
				en,
			);
			mainGroup = C9A86F291E9D7415002F95C0;
			productRefGroup = C9A86F341E9D7415002F95C0 /* Products */;
			projectDirPath = "";
			projectRoot = "";
			targets = (
				C9A86F321E9D7415002F95C0 /* sfmlbattleship */,
			);
		};
/* End PBXProject section */

/* Begin PBXResourcesBuildPhase section */
		C9A86F301E9D7415002F95C0 /* Resources */ = {
			isa = PBXResourcesBuildPhase;
			buildActionMask = 2147483647;
			files = (
				C9A86F451E9D7415002F95C0 /* icon.png in Resources */,
				C9A86F431E9D7415002F95C0 /* sansation.ttf in Resources */,
				C9A86F751E9D746F002F95C0 /* sprite2-sheet0.png in Resources */,
				C9A86F721E9D746F002F95C0 /* radardots-sheet1.png in Resources */,
				C9A86F701E9D746F002F95C0 /* players_ship_3-sheet0.png in Resources */,
				C9A86F6A1E9D746F002F95C0 /* grid_used-sheet0.png in Resources */,
				C9A86F411E9D7415002F95C0 /* nice_music.ogg in Resources */,
				C9A86F6C1E9D746F002F95C0 /* playerhealthship-sheet0.png in Resources */,
				C9A86F691E9D746F002F95C0 /* grid_hit-sheet1.png in Resources */,
				C9A86F711E9D746F002F95C0 /* radardots-sheet0.png in Resources */,
				C9A86F6F1E9D746F002F95C0 /* players_ship_2-sheet0.png in Resources */,
				C9A86F641E9D746F002F95C0 /* 3232grid.png in Resources */,
				C9A86F6E1E9D746F002F95C0 /* players_ship_1-sheet0.png in Resources */,
				C9A86F731E9D746F002F95C0 /* radarstem-sheet0.png in Resources */,
				C9A86F671E9D746F002F95C0 /* grid_3232-sheet0.png in Resources */,
				C9A86F681E9D746F002F95C0 /* grid_hit-sheet0.png in Resources */,
				C9A86F7A1E9D746F002F95C0 /* sprite7-sheet0.png in Resources */,
				C9A86F791E9D746F002F95C0 /* sprite6-sheet0.png in Resources */,
				C9A86F6D1E9D746F002F95C0 /* players_grid-sheet0.png in Resources */,
				C9A86F761E9D746F002F95C0 /* sprite3-sheet0.png in Resources */,
				C9A86F661E9D746F002F95C0 /* enemys_grid-sheet0.png in Resources */,
				C9A86F3F1E9D7415002F95C0 /* cute_image.jpg in Resources */,
				C9A86F7B1E9D746F002F95C0 /* sprite8-sheet0.png in Resources */,
				C9A86F741E9D746F002F95C0 /* sprite-sheet0.png in Resources */,
				C9A86F7C1E9D746F002F95C0 /* tiledbackground.png in Resources */,
				C9A86F651E9D746F002F95C0 /* enemy_ship_1-sheet0.png in Resources */,
				C9A86F771E9D746F002F95C0 /* sprite4-sheet0.png in Resources */,
				C9A86F6B1E9D746F002F95C0 /* playerhealth-sheet0.png in Resources */,
				C9A86F781E9D746F002F95C0 /* sprite5-sheet0.png in Resources */,
				C9A86F7E1E9D76A6002F95C0 /* navy.ogg in Resources */,
			);
			runOnlyForDeploymentPostprocessing = 0;
		};
/* End PBXResourcesBuildPhase section */

/* Begin PBXShellScriptBuildPhase section */
		C9A86F311E9D7415002F95C0 /* ShellScript */ = {
			isa = PBXShellScriptBuildPhase;
			buildActionMask = 2147483647;
			files = (
			);
			inputPaths = (
			);
			outputPaths = (
			);
			runOnlyForDeploymentPostprocessing = 0;
			shellPath = /bin/sh;
			shellScript = "# This shell script simply copies required SFML dylibs/frameworks into the application bundle frameworks folder.\n# If you're using static libraries (which is not recommended) you should remove this script from your project.\n\n# SETTINGS\nCMAKE_INSTALL_FRAMEWORK_PREFIX=\"/Library/Frameworks\"\nCMAKE_INSTALL_LIB_PREFIX=\"/usr/local/lib\"\nFRAMEWORKS_FULL_PATH=\"$BUILT_PRODUCTS_DIR/$FRAMEWORKS_FOLDER_PATH/\"\n\n# Are we building a project that uses frameworks or dylibs?\ncase \"$SFML_BINARY_TYPE\" in\n    DYLIBS)\n        frameworks=\"false\"\n        ;;\n    *)\n        frameworks=\"true\"\n        ;;\nesac\n\n# Echoes to stderr\nerror () # $* message to display\n{\n    echo $* 1>&2\n    exit 2\n}\n\nassert () # $1 is a boolean, $2...N is an error message\n{\n    if [ $# -lt 2 ]\n    then\n        error \"Internal error in assert: not enough args\"\n    fi\n\n    if [ $1 -ne 0 ]\n    then\n        shift\n        error \"$*\"\n    fi\n}\n\nforce_remove () # $@ is some paths\n{\n    test $# -ge 1\n    assert $? \"force_remove() requires at least one parameter\"\n    rm -fr $@\n    assert $? \"couldn't remove $@\"\n}\n\ncopy () # $1 is a source, $2 is a destination\n{\n    test $# -eq 2\n    assert $? \"copy() requires two parameters\"\n    ditto \"$1\" \"$2\"\n    assert $? \"couldn't copy $1 to $2\"\n}\n\nrequire () # $1 is a SFML module like 'system' or 'audio'\n{\n    dest=\"$BUILT_PRODUCTS_DIR/$FRAMEWORKS_FOLDER_PATH/\"\n\n    if [ -z \"$1\" ]\n    then\n        error \"require() requires one parameter!\"\n    else\n        # clean potentially old stuff\n        force_remove \"$dest/libsfml-$1\"*\n        force_remove \"$dest/sfml-$1.framework\"\n\n        # copy SFML libraries\n        if [ \"$frameworks\" = \"true\" ]\n        then\n            source=\"$CMAKE_INSTALL_FRAMEWORK_PREFIX/sfml-$1.framework\"\n            target=\"sfml-$1.framework\"\n        elif [ \"$SFML_LINK_DYLIBS_SUFFIX\" = \"-d\" ]\n        then\n            source=\"$CMAKE_INSTALL_LIB_PREFIX/libsfml-$1-d.dylib\"\n            target=\"`readlink $source`\"\n        else\n            source=\"$CMAKE_INSTALL_LIB_PREFIX/libsfml-$1.dylib\"\n            target=\"`readlink $source`\"\n        fi\n\n        copy \"$source\" \"$dest/$target\"\n\n        # copy extra dependencies\n        if [ \"$1\" = \"audio\" ]\n        then\n            # copy \"FLAC\" \"ogg\" \"vorbis\" \"vorbisenc\" \"vorbisfile\" \"OpenAL\" frameworks too\n            for f in \"FLAC\" \"ogg\" \"vorbis\" \"vorbisenc\" \"vorbisfile\" \"OpenAL\"\n            do\n                copy \"$CMAKE_INSTALL_FRAMEWORK_PREFIX/$f.framework\" \"$dest/$f.framework\"\n            done\n        elif [ \"$1\" = \"graphics\" ]\n        then\n            copy \"$CMAKE_INSTALL_FRAMEWORK_PREFIX/freetype.framework\" \"$dest/freetype.framework\"\n        fi\n    fi\n}\n\nif [ -n \"$SFML_SYSTEM\" ]\nthen\n    require \"system\"\nfi\n\nif [ -n \"$SFML_AUDIO\" ]\nthen\n    require \"audio\"\nfi\n\nif [ -n \"$SFML_NETWORK\" ]\nthen\n    require \"network\"\nfi\n\nif [ -n \"$SFML_WINDOW\" ]\nthen\n    require \"window\"\nfi\n\nif [ -n \"$SFML_GRAPHICS\" ]\nthen\n    require \"graphics\"\nfi\n\n                ";
		};
/* End PBXShellScriptBuildPhase section */

/* Begin PBXSourcesBuildPhase section */
		C9A86F2E1E9D7415002F95C0 /* Sources */ = {
			isa = PBXSourcesBuildPhase;
			buildActionMask = 2147483647;
			files = (
				C9A86F3C1E9D7415002F95C0 /* main.cpp in Sources */,
				C9A86F391E9D7415002F95C0 /* ResourcePath.mm in Sources */,
			);
			runOnlyForDeploymentPostprocessing = 0;
		};
/* End PBXSourcesBuildPhase section */

/* Begin XCBuildConfiguration section */
		C9A86F461E9D7415002F95C0 /* Debug */ = {
			isa = XCBuildConfiguration;
			buildSettings = {
				ARCHS = "$(NATIVE_ARCH_ACTUAL)";
				CLANG_CXX_LANGUAGE_STANDARD = "c++0x";
				CLANG_CXX_LIBRARY = "libc++";
				FRAMEWORK_SEARCH_PATHS = (
					/Library/Frameworks/,
					"$(inherited)",
				);
				GCC_VERSION = com.apple.compilers.llvm.clang.1_0;
				HEADER_SEARCH_PATHS = (
					/usr/local/include/,
					"$(inherited)",
				);
				LIBRARY_SEARCH_PATHS = (
					/usr/local/lib/,
					"$(inherited)",
				);
				MACOSX_DEPLOYMENT_TARGET = 10.7;
				OTHER_LDFLAGS = (
					"$(inherited)",
					"$(SFML_SYSTEM)",
					"$(SFML_WINDOW)",
					"$(SFML_GRAPHICS)",
					"$(SFML_AUDIO)",
					"$(SFML_NETWORK)",
				);
				SFML_AUDIO = "$(SFML_LINK_PREFIX) sfml-audio$(SFML_LINK_SUFFIX)";
				SFML_BINARY_TYPE = FRAMEWORKS;
				SFML_GRAPHICS = "$(SFML_LINK_PREFIX) sfml-graphics$(SFML_LINK_SUFFIX)";
				SFML_LINK_DYLIBS_PREFIX = "-l";
				SFML_LINK_DYLIBS_SUFFIX = "";
				SFML_LINK_FRAMEWORKS_PREFIX = "-framework";
				SFML_LINK_FRAMEWORKS_SUFFIX = "";
				SFML_LINK_PREFIX = "$(SFML_LINK_$(SFML_BINARY_TYPE)_PREFIX)";
				SFML_LINK_SUFFIX = "$(SFML_LINK_$(SFML_BINARY_TYPE)_SUFFIX)";
				SFML_NETWORK = "$(SFML_LINK_PREFIX) sfml-network$(SFML_LINK_SUFFIX)";
				SFML_SYSTEM = "$(SFML_LINK_PREFIX) sfml-system$(SFML_LINK_SUFFIX)";
				SFML_WINDOW = "$(SFML_LINK_PREFIX) sfml-window$(SFML_LINK_SUFFIX)";
				SUPPORTED_PLATFORMS = macosx;
			};
			name = Debug;
		};
		C9A86F471E9D7415002F95C0 /* Release */ = {
			isa = XCBuildConfiguration;
			buildSettings = {
				ARCHS = "$(NATIVE_ARCH_ACTUAL)";
				CLANG_CXX_LANGUAGE_STANDARD = "c++0x";
				CLANG_CXX_LIBRARY = "libc++";
				FRAMEWORK_SEARCH_PATHS = (
					/Library/Frameworks/,
					"$(inherited)",
				);
				GCC_VERSION = com.apple.compilers.llvm.clang.1_0;
				HEADER_SEARCH_PATHS = (
					/usr/local/include/,
					"$(inherited)",
				);
				LIBRARY_SEARCH_PATHS = (
					/usr/local/lib/,
					"$(inherited)",
				);
				MACOSX_DEPLOYMENT_TARGET = 10.7;
				OTHER_LDFLAGS = (
					"$(inherited)",
					"$(SFML_SYSTEM)",
					"$(SFML_WINDOW)",
					"$(SFML_GRAPHICS)",
					"$(SFML_AUDIO)",
					"$(SFML_NETWORK)",
				);
				SFML_AUDIO = "$(SFML_LINK_PREFIX) sfml-audio$(SFML_LINK_SUFFIX)";
				SFML_BINARY_TYPE = FRAMEWORKS;
				SFML_GRAPHICS = "$(SFML_LINK_PREFIX) sfml-graphics$(SFML_LINK_SUFFIX)";
				SFML_LINK_DYLIBS_PREFIX = "-l";
				SFML_LINK_DYLIBS_SUFFIX = "";
				SFML_LINK_FRAMEWORKS_PREFIX = "-framework";
				SFML_LINK_FRAMEWORKS_SUFFIX = "";
				SFML_LINK_PREFIX = "$(SFML_LINK_$(SFML_BINARY_TYPE)_PREFIX)";
				SFML_LINK_SUFFIX = "$(SFML_LINK_$(SFML_BINARY_TYPE)_SUFFIX)";
				SFML_NETWORK = "$(SFML_LINK_PREFIX) sfml-network$(SFML_LINK_SUFFIX)";
				SFML_SYSTEM = "$(SFML_LINK_PREFIX) sfml-system$(SFML_LINK_SUFFIX)";
				SFML_WINDOW = "$(SFML_LINK_PREFIX) sfml-window$(SFML_LINK_SUFFIX)";
				SUPPORTED_PLATFORMS = macosx;
			};
			name = Release;
		};
		C9A86F491E9D7415002F95C0 /* Debug */ = {
			isa = XCBuildConfiguration;
			buildSettings = {
				DEVELOPMENT_TEAM = 6662UP9B9D;
				INFOPLIST_FILE = "sfmlbattleship/sfmlbattleship-Info.plist";
				LD_RUNPATH_SEARCH_PATHS = "@loader_path/../Frameworks";
				PRODUCT_NAME = "$(TARGET_NAME)";
			};
			name = Debug;
		};
		C9A86F4A1E9D7415002F95C0 /* Release */ = {
			isa = XCBuildConfiguration;
			buildSettings = {
				DEVELOPMENT_TEAM = 6662UP9B9D;
				INFOPLIST_FILE = "sfmlbattleship/sfmlbattleship-Info.plist";
				LD_RUNPATH_SEARCH_PATHS = "@loader_path/../Frameworks";
				PRODUCT_NAME = "$(TARGET_NAME)";
			};
			name = Release;
		};
/* End XCBuildConfiguration section */

/* Begin XCConfigurationList section */
		C9A86F2D1E9D7415002F95C0 /* Build configuration list for PBXProject "sfmlbattleship" */ = {
			isa = XCConfigurationList;
			buildConfigurations = (
				C9A86F461E9D7415002F95C0 /* Debug */,
				C9A86F471E9D7415002F95C0 /* Release */,
			);
			defaultConfigurationIsVisible = 0;
			defaultConfigurationName = Release;
		};
		C9A86F481E9D7415002F95C0 /* Build configuration list for PBXNativeTarget "sfmlbattleship" */ = {
			isa = XCConfigurationList;
			buildConfigurations = (
				C9A86F491E9D7415002F95C0 /* Debug */,
				C9A86F4A1E9D7415002F95C0 /* Release */,
			);
			defaultConfigurationIsVisible = 0;
		};
/* End XCConfigurationList section */
	};
	rootObject = C9A86F2A1E9D7415002F95C0 /* Project object */;
}
